
Microsoft Visual Studio Solution File, Format Version 12.00
# Visual Studio Version 17
VisualStudioVersion = 17.3.32825.248
MinimumVisualStudioVersion = 10.0.40219.1
Project("{FAE04EC0-301F-11D3-BF4B-00C04F79EFBC}") = "ZoomBorder", "ZoomBorder\ZoomBorder.csproj", "{5D066013-967A-4714-8DDF-F1CE3DF30B43}"
EndProject
Project("{FAE04EC0-301F-11D3-BF4B-00C04F79EFBC}") = "Example", "Example\Example.csproj", "{428BACE8-4525-411A-88BF-E7122C7A33C7}"
EndProject
Global
	GlobalSection(SolutionConfigurationPlatforms) = preSolution
		Debug|Any CPU = Debug|Any CPU
		Release|Any CPU = Release|Any CPU
	EndGlobalSection
	GlobalSection(ProjectConfigurationPlatforms) = postSolution
		{5D066013-967A-4714-8DDF-F1CE3DF30B43}.Debug|Any CPU.ActiveCfg = Debug|Any CPU
		{5D066013-967A-4714-8DDF-F1CE3DF30B43}.Debug|Any CPU.Build.0 = Debug|Any CPU
		{5D066013-967A-4714-8DDF-F1CE3DF30B43}.Release|Any CPU.ActiveCfg = Release|Any CPU
		{5D066013-967A-4714-8DDF-F1CE3DF30B43}.Release|Any CPU.Build.0 = Release|Any CPU
		{428BACE8-4525-411A-88BF-E7122C7A33C7}.Debug|Any CPU.ActiveCfg = Debug|Any CPU
		{428BACE8-4525-411A-88BF-E7122C7A33C7}.Debug|Any CPU.Build.0 = Debug|Any CPU
		{428BACE8-4525-411A-88BF-E7122C7A33C7}.Release|Any CPU.ActiveCfg = Release|Any CPU
		{428BACE8-4525-411A-88BF-E7122C7A33C7}.Release|Any CPU.Build.0 = Release|Any CPU
	EndGlobalSection
	GlobalSection(SolutionProperties) = preSolution
		HideSolutionNode = FALSE
	EndGlobalSection
	GlobalSection(ExtensibilityGlobals) = postSolution
		SolutionGuid = {0B744BA6-0932-49FE-8BCB-D593EC0C6485}
	EndGlobalSection
EndGlobal
